
Microsoft Visual Studio Solution File, Format Version 12.00
# Visual Studio Version 16
VisualStudioVersion = 16.0.28803.352
MinimumVisualStudioVersion = 10.0.40219.1
Project("{FAE04EC0-301F-11D3-BF4B-00C04F79EFBC}") = "TaskListLab", "TaskListLab\TaskListLab.csproj", "{8CABD354-B96D-43AA-B0B8-81A6C9F349C5}"
EndProject
Global
	GlobalSection(SolutionConfigurationPlatforms) = preSolution
		Debug|Any CPU = Debug|Any CPU
		Release|Any CPU = Release|Any CPU
	EndGlobalSection
	GlobalSection(ProjectConfigurationPlatforms) = postSolution
		{8CABD354-B96D-43AA-B0B8-81A6C9F349C5}.Debug|Any CPU.ActiveCfg = Debug|Any CPU
		{8CABD354-B96D-43AA-B0B8-81A6C9F349C5}.Debug|Any CPU.Build.0 = Debug|Any CPU
		{8CABD354-B96D-43AA-B0B8-81A6C9F349C5}.Release|Any CPU.ActiveCfg = Release|Any CPU
		{8CABD354-B96D-43AA-B0B8-81A6C9F349C5}.Release|Any CPU.Build.0 = Release|Any CPU
	EndGlobalSection
	GlobalSection(SolutionProperties) = preSolution
		HideSolutionNode = FALSE
	EndGlobalSection
	GlobalSection(ExtensibilityGlobals) = postSolution
		SolutionGuid = {0033722A-A168-438E-95C4-FBACDDB4BE0B}
	EndGlobalSection
EndGlobal
